
Microsoft Visual Studio Solution File, Format Version 12.00
# Visual Studio Version 16
VisualStudioVersion = 16.0.29609.76
MinimumVisualStudioVersion = 10.0.40219.1
Project("{FAE04EC0-301F-11D3-BF4B-00C04F79EFBC}") = "TermsrvPatcher", "TermsrvPatcher\TermsrvPatcher.csproj", "{718A06EB-6C10-4A01-9A0F-5E4FB636B5B5}"
EndProject
Global
	GlobalSection(SolutionConfigurationPlatforms) = preSolution
		Debug|Any CPU = Debug|Any CPU
		Release|Any CPU = Release|Any CPU
	EndGlobalSection
	GlobalSection(ProjectConfigurationPlatforms) = postSolution
		{718A06EB-6C10-4A01-9A0F-5E4FB636B5B5}.Debug|Any CPU.ActiveCfg = Debug|Any CPU
		{718A06EB-6C10-4A01-9A0F-5E4FB636B5B5}.Debug|Any CPU.Build.0 = Debug|Any CPU
		{718A06EB-6C10-4A01-9A0F-5E4FB636B5B5}.Release|Any CPU.ActiveCfg = Release|Any CPU
		{718A06EB-6C10-4A01-9A0F-5E4FB636B5B5}.Release|Any CPU.Build.0 = Release|Any CPU
	EndGlobalSection
	GlobalSection(SolutionProperties) = preSolution
		HideSolutionNode = FALSE
	EndGlobalSection
	GlobalSection(ExtensibilityGlobals) = postSolution
		SolutionGuid = {3DC48D06-0A52-48DB-95DA-ED4C14DA1D25}
	EndGlobalSection
EndGlobal
